{
  "version": 4,
  "terraform_version": "1.7.5",
  "serial": 224,
  "lineage": "ff2ef121-8222-4496-de48-84e99ae1ae06",
  "outputs": {},
  "resources": [
    {
      "module": "module.cloudwatch",
      "mode": "managed",
      "type": "aws_cloudwatch_log_group",
      "name": "lambda_log",
      "provider": "provider[\"registry.terraform.io/hashicorp/aws\"]",
      "instances": [
        {
          "schema_version": 0,
          "attributes": {
            "arn": "arn:aws:logs:us-east-1:118712814110:log-group:/aws/lambda/lambda_teste_tecnic",
            "id": "/aws/lambda/lambda_teste_tecnic",
            "kms_key_id": "",
            "log_group_class": "STANDARD",
            "name": "/aws/lambda/lambda_teste_tecnic",
            "name_prefix": "",
            "retention_in_days": 14,
            "skip_destroy": false,
            "tags": null,
            "tags_all": {}
          },
          "sensitive_attributes": [],
          "private": "bnVsbA==",
          "dependencies": [
            "module.iam.aws_iam_role.iam_for_lambda",
            "module.iam.data.aws_iam_policy_document.lambda_assume_role",
            "module.lambda.aws_lambda_function.test_lambda",
            "module.lambda.data.archive_file.lambda"
          ]
        }
      ]
    },
    {
      "module": "module.dynamo",
      "mode": "managed",
      "type": "aws_dynamodb_table",
      "name": "basic-dynamodb-table",
      "provider": "provider[\"registry.terraform.io/hashicorp/aws\"]",
      "instances": [
        {
          "schema_version": 1,
          "attributes": {
            "arn": "arn:aws:dynamodb:us-east-1:118712814110:table/Customers",
            "attribute": [
              {
                "name": "FirstName",
                "type": "S"
              },
              {
                "name": "SecondName",
                "type": "S"
              }
            ],
            "billing_mode": "PAY_PER_REQUEST",
            "deletion_protection_enabled": false,
            "global_secondary_index": [],
            "hash_key": "FirstName",
            "id": "Customers",
            "import_table": [],
            "local_secondary_index": [],
            "name": "Customers",
            "point_in_time_recovery": [
              {
                "enabled": false
              }
            ],
            "range_key": "SecondName",
            "read_capacity": 0,
            "replica": [],
            "restore_date_time": null,
            "restore_source_name": null,
            "restore_to_latest_time": null,
            "server_side_encryption": [],
            "stream_arn": "",
            "stream_enabled": false,
            "stream_label": "",
            "stream_view_type": "",
            "table_class": "STANDARD",
            "tags": {
              "Environment": "dev",
              "Name": "dynamodb-table-1"
            },
            "tags_all": {
              "Environment": "dev",
              "Name": "dynamodb-table-1"
            },
            "timeouts": null,
            "ttl": [
              {
                "attribute_name": "",
                "enabled": false
              }
            ],
            "write_capacity": 0
          },
          "sensitive_attributes": [],
          "private": "eyJlMmJmYjczMC1lY2FhLTExZTYtOGY4OC0zNDM2M2JjN2M0YzAiOnsiY3JlYXRlIjoxODAwMDAwMDAwMDAwLCJkZWxldGUiOjYwMDAwMDAwMDAwMCwidXBkYXRlIjozNjAwMDAwMDAwMDAwfSwic2NoZW1hX3ZlcnNpb24iOiIxIn0="
        }
      ]
    },
    {
      "module": "module.glue",
      "mode": "managed",
      "type": "aws_glue_job",
      "name": "example_glue_job",
      "provider": "provider[\"registry.terraform.io/hashicorp/aws\"]",
      "instances": [
        {
          "schema_version": 0,
          "attributes": {
            "arn": "arn:aws:glue:us-east-1:118712814110:job/glue-job-tecnic",
            "command": [
              {
                "name": "glueetl",
                "python_version": "3",
                "runtime": "",
                "script_location": "s3://bucket-glue-tecnic/glue/scripts/glue_job.py"
              }
            ],
            "connections": null,
            "default_arguments": {
              "--TempDir": "s3://my-glue-temp-bucket/temp-dir/",
              "--additional-python-modules": "boto3==1.18.1,pandas==1.3.1",
              "--enable-metrics": "true",
              "--job-language": "python"
            },
            "description": "",
            "execution_class": "",
            "execution_property": [
              {
                "max_concurrent_runs": 1
              }
            ],
            "glue_version": "3.0",
            "id": "glue-job-tecnic",
            "maintenance_window": "",
            "max_capacity": 10,
            "max_retries": 0,
            "name": "glue-job-tecnic",
            "non_overridable_arguments": null,
            "notification_property": [],
            "number_of_workers": 10,
            "role_arn": "arn:aws:iam::118712814110:role/glue-job-role",
            "security_configuration": "",
            "tags": null,
            "tags_all": {},
            "timeout": 2880,
            "worker_type": "G.1X"
          },
          "sensitive_attributes": [],
          "private": "bnVsbA==",
          "dependencies": [
            "module.iam.aws_iam_role.glue_role",
            "module.s3.aws_s3_bucket.s3_example"
          ]
        }
      ]
    },
    {
      "module": "module.iam",
      "mode": "data",
      "type": "aws_iam_policy_document",
      "name": "lambda_assume_role",
      "provider": "provider[\"registry.terraform.io/hashicorp/aws\"]",
      "instances": [
        {
          "schema_version": 0,
          "attributes": {
            "id": "2690255455",
            "json": "{\n  \"Version\": \"2012-10-17\",\n  \"Statement\": [\n    {\n      \"Effect\": \"Allow\",\n      \"Action\": \"sts:AssumeRole\",\n      \"Principal\": {\n        \"Service\": \"lambda.amazonaws.com\"\n      }\n    }\n  ]\n}",
            "minified_json": "{\"Version\":\"2012-10-17\",\"Statement\":[{\"Effect\":\"Allow\",\"Action\":\"sts:AssumeRole\",\"Principal\":{\"Service\":\"lambda.amazonaws.com\"}}]}",
            "override_json": null,
            "override_policy_documents": null,
            "policy_id": null,
            "source_json": null,
            "source_policy_documents": null,
            "statement": [
              {
                "actions": [
                  "sts:AssumeRole"
                ],
                "condition": [],
                "effect": "Allow",
                "not_actions": [],
                "not_principals": [],
                "not_resources": [],
                "principals": [
                  {
                    "identifiers": [
                      "lambda.amazonaws.com"
                    ],
                    "type": "Service"
                  }
                ],
                "resources": [],
                "sid": ""
              }
            ],
            "version": "2012-10-17"
          },
          "sensitive_attributes": []
        }
      ]
    },
    {
      "module": "module.iam",
      "mode": "data",
      "type": "aws_iam_policy_document",
      "name": "lambda_logging",
      "provider": "provider[\"registry.terraform.io/hashicorp/aws\"]",
      "instances": [
        {
          "schema_version": 0,
          "attributes": {
            "id": "16712114",
            "json": "{\n  \"Version\": \"2012-10-17\",\n  \"Statement\": [\n    {\n      \"Effect\": \"Allow\",\n      \"Action\": [\n        \"logs:PutLogEvents\",\n        \"logs:CreateLogStream\",\n        \"logs:CreateLogGroup\"\n      ],\n      \"Resource\": \"arn:aws:logs:*:*:*\"\n    }\n  ]\n}",
            "minified_json": "{\"Version\":\"2012-10-17\",\"Statement\":[{\"Effect\":\"Allow\",\"Action\":[\"logs:PutLogEvents\",\"logs:CreateLogStream\",\"logs:CreateLogGroup\"],\"Resource\":\"arn:aws:logs:*:*:*\"}]}",
            "override_json": null,
            "override_policy_documents": null,
            "policy_id": null,
            "source_json": null,
            "source_policy_documents": null,
            "statement": [
              {
                "actions": [
                  "logs:CreateLogGroup",
                  "logs:CreateLogStream",
                  "logs:PutLogEvents"
                ],
                "condition": [],
                "effect": "Allow",
                "not_actions": [],
                "not_principals": [],
                "not_resources": [],
                "principals": [],
                "resources": [
                  "arn:aws:logs:*:*:*"
                ],
                "sid": ""
              }
            ],
            "version": "2012-10-17"
          },
          "sensitive_attributes": []
        }
      ]
    },
    {
      "module": "module.iam",
      "mode": "managed",
      "type": "aws_iam_policy",
      "name": "lambda_logging",
      "provider": "provider[\"registry.terraform.io/hashicorp/aws\"]",
      "instances": [
        {
          "schema_version": 0,
          "attributes": {
            "arn": "arn:aws:iam::118712814110:policy/lambda_logging",
            "attachment_count": 0,
            "description": "IAM policy for logging from a lambda",
            "id": "arn:aws:iam::118712814110:policy/lambda_logging",
            "name": "lambda_logging",
            "name_prefix": "",
            "path": "/",
            "policy": "{\"Statement\":[{\"Action\":[\"logs:PutLogEvents\",\"logs:CreateLogStream\",\"logs:CreateLogGroup\"],\"Effect\":\"Allow\",\"Resource\":\"arn:aws:logs:*:*:*\"}],\"Version\":\"2012-10-17\"}",
            "policy_id": "ANPARXI6VZIPEAYQQKNJU",
            "tags": null,
            "tags_all": {}
          },
          "sensitive_attributes": [],
          "private": "bnVsbA==",
          "dependencies": [
            "module.iam.data.aws_iam_policy_document.lambda_logging"
          ]
        }
      ]
    },
    {
      "module": "module.iam",
      "mode": "managed",
      "type": "aws_iam_role",
      "name": "glue_role",
      "provider": "provider[\"registry.terraform.io/hashicorp/aws\"]",
      "instances": [
        {
          "schema_version": 0,
          "attributes": {
            "arn": "arn:aws:iam::118712814110:role/glue-job-role",
            "assume_role_policy": "{\"Statement\":[{\"Action\":\"sts:AssumeRole\",\"Effect\":\"Allow\",\"Principal\":{\"Service\":\"glue.amazonaws.com\"}}],\"Version\":\"2012-10-17\"}",
            "create_date": "2024-08-14T05:36:34Z",
            "description": "",
            "force_detach_policies": false,
            "id": "glue-job-role",
            "inline_policy": [],
            "managed_policy_arns": [],
            "max_session_duration": 3600,
            "name": "glue-job-role",
            "name_prefix": "",
            "path": "/",
            "permissions_boundary": "",
            "tags": null,
            "tags_all": {},
            "unique_id": "AROARXI6VZIPLWRUIKOFR"
          },
          "sensitive_attributes": [],
          "private": "bnVsbA=="
        }
      ]
    },
    {
      "module": "module.iam",
      "mode": "managed",
      "type": "aws_iam_role",
      "name": "iam_for_lambda",
      "provider": "provider[\"registry.terraform.io/hashicorp/aws\"]",
      "instances": [
        {
          "schema_version": 0,
          "attributes": {
            "arn": "arn:aws:iam::118712814110:role/iam_for_lambda",
            "assume_role_policy": "{\"Statement\":[{\"Action\":\"sts:AssumeRole\",\"Effect\":\"Allow\",\"Principal\":{\"Service\":\"lambda.amazonaws.com\"}}],\"Version\":\"2012-10-17\"}",
            "create_date": "2024-08-14T05:36:34Z",
            "description": "",
            "force_detach_policies": false,
            "id": "iam_for_lambda",
            "inline_policy": [],
            "managed_policy_arns": [],
            "max_session_duration": 3600,
            "name": "iam_for_lambda",
            "name_prefix": "",
            "path": "/",
            "permissions_boundary": "",
            "tags": null,
            "tags_all": {},
            "unique_id": "AROARXI6VZIPCZMH7ZIGE"
          },
          "sensitive_attributes": [],
          "private": "bnVsbA==",
          "dependencies": [
            "module.iam.data.aws_iam_policy_document.lambda_assume_role"
          ]
        }
      ]
    },
    {
      "module": "module.iam",
      "mode": "managed",
      "type": "aws_iam_role_policy",
      "name": "glue_policy",
      "provider": "provider[\"registry.terraform.io/hashicorp/aws\"]",
      "instances": [
        {
          "schema_version": 0,
          "attributes": {
            "id": "glue-job-role:glue_policy",
            "name": "glue_policy",
            "name_prefix": "",
            "policy": "{\"Version\":\"2012-10-17\",\"Statement\":[{\"Action\":[\"s3:*\",\"dynamodb:*\"],\"Effect\":\"Allow\",\"Resource\":\"*\"}]}",
            "role": "glue-job-role"
          },
          "sensitive_attributes": [],
          "private": "bnVsbA==",
          "dependencies": [
            "module.iam.aws_iam_role.glue_role"
          ]
        }
      ]
    },
    {
      "module": "module.iam",
      "mode": "managed",
      "type": "aws_iam_role_policy",
      "name": "lambda_glue_policy",
      "provider": "provider[\"registry.terraform.io/hashicorp/aws\"]",
      "instances": [
        {
          "schema_version": 0,
          "attributes": {
            "id": "iam_for_lambda:lambda_glue_policy",
            "name": "lambda_glue_policy",
            "name_prefix": "",
            "policy": "{\"Version\":\"2012-10-17\",\"Statement\":[{\"Action\":[\"glue:*\"],\"Effect\":\"Allow\",\"Resource\":\"*\"}]}",
            "role": "iam_for_lambda"
          },
          "sensitive_attributes": [],
          "private": "bnVsbA==",
          "dependencies": [
            "module.iam.aws_iam_role.iam_for_lambda",
            "module.iam.data.aws_iam_policy_document.lambda_assume_role"
          ]
        }
      ]
    },
    {
      "module": "module.iam",
      "mode": "managed",
      "type": "aws_iam_role_policy_attachment",
      "name": "lambda_logs",
      "provider": "provider[\"registry.terraform.io/hashicorp/aws\"]",
      "instances": [
        {
          "schema_version": 0,
          "attributes": {
            "id": "iam_for_lambda-20240814053632533200000001",
            "policy_arn": "arn:aws:iam::118712814110:policy/lambda_logging",
            "role": "iam_for_lambda"
          },
          "sensitive_attributes": [],
          "private": "bnVsbA==",
          "dependencies": [
            "module.iam.aws_iam_policy.lambda_logging",
            "module.iam.aws_iam_role.iam_for_lambda",
            "module.iam.data.aws_iam_policy_document.lambda_assume_role",
            "module.iam.data.aws_iam_policy_document.lambda_logging"
          ]
        }
      ]
    },
    {
      "module": "module.lambda",
      "mode": "data",
      "type": "archive_file",
      "name": "lambda",
      "provider": "provider[\"registry.terraform.io/hashicorp/archive\"]",
      "instances": [
        {
          "schema_version": 0,
          "attributes": {
            "exclude_symlink_directories": null,
            "excludes": null,
            "id": "f940e743147b2578f92067335cf2c45fcc33b5dd",
            "output_base64sha256": "oV9PMqVN/+4CDI401//QGA0m+lVb9AFzuvsPPhQvH8k=",
            "output_base64sha512": "EBJEb+yNeLA8QQLmyUnkjWIfxWOZrhHoNjFBfj4PFRwo18qT5tJWrXoikKHz2/IywSjoY53a7lT/NDomE8058w==",
            "output_file_mode": null,
            "output_md5": "bad171a2e8f5f28b45ce14875bcfb787",
            "output_path": "lambda_function_payload.zip",
            "output_sha": "f940e743147b2578f92067335cf2c45fcc33b5dd",
            "output_sha256": "a15f4f32a54dffee020c8e34d7ffd0180d26fa555bf40173bafb0f3e142f1fc9",
            "output_sha512": "1012446fec8d78b03c4102e6c949e48d621fc56399ae11e83631417e3e0f151c28d7ca93e6d256ad7a2290a1f3dbf232c128e8639ddaee54ff343a2613cd39f3",
            "output_size": 481,
            "source": [],
            "source_content": null,
            "source_content_filename": null,
            "source_dir": null,
            "source_file": "./lambda_code/orq_lambda/lambda_function.py",
            "type": "zip"
          },
          "sensitive_attributes": []
        }
      ]
    },
    {
      "module": "module.lambda",
      "mode": "managed",
      "type": "aws_lambda_function",
      "name": "test_lambda",
      "provider": "provider[\"registry.terraform.io/hashicorp/aws\"]",
      "instances": [
        {
          "schema_version": 0,
          "attributes": {
            "architectures": [
              "x86_64"
            ],
            "arn": "arn:aws:lambda:us-east-1:118712814110:function:lambda_teste_tecnic",
            "code_sha256": "oV9PMqVN/+4CDI401//QGA0m+lVb9AFzuvsPPhQvH8k=",
            "code_signing_config_arn": "",
            "dead_letter_config": [],
            "description": "",
            "environment": [
              {
                "variables": {
                  "foo": "Tenic"
                }
              }
            ],
            "ephemeral_storage": [
              {
                "size": 512
              }
            ],
            "file_system_config": [],
            "filename": "lambda_function_payload.zip",
            "function_name": "lambda_teste_tecnic",
            "handler": "lambda_function.lambda_handler",
            "id": "lambda_teste_tecnic",
            "image_config": [],
            "image_uri": "",
            "invoke_arn": "arn:aws:apigateway:us-east-1:lambda:path/2015-03-31/functions/arn:aws:lambda:us-east-1:118712814110:function:lambda_teste_tecnic/invocations",
            "kms_key_arn": "",
            "last_modified": "2024-08-14T05:36:44.301+0000",
            "layers": null,
            "logging_config": [
              {
                "application_log_level": "",
                "log_format": "Text",
                "log_group": "/aws/lambda/lambda_teste_tecnic",
                "system_log_level": ""
              }
            ],
            "memory_size": 128,
            "package_type": "Zip",
            "publish": false,
            "qualified_arn": "arn:aws:lambda:us-east-1:118712814110:function:lambda_teste_tecnic:$LATEST",
            "qualified_invoke_arn": "arn:aws:apigateway:us-east-1:lambda:path/2015-03-31/functions/arn:aws:lambda:us-east-1:118712814110:function:lambda_teste_tecnic:$LATEST/invocations",
            "replace_security_groups_on_destroy": null,
            "replacement_security_group_ids": null,
            "reserved_concurrent_executions": -1,
            "role": "arn:aws:iam::118712814110:role/iam_for_lambda",
            "runtime": "python3.12",
            "s3_bucket": null,
            "s3_key": null,
            "s3_object_version": null,
            "signing_job_arn": "",
            "signing_profile_version_arn": "",
            "skip_destroy": false,
            "snap_start": [],
            "source_code_hash": "oV9PMqVN/+4CDI401//QGA0m+lVb9AFzuvsPPhQvH8k=",
            "source_code_size": 481,
            "tags": null,
            "tags_all": {},
            "timeout": 3,
            "timeouts": null,
            "tracing_config": [
              {
                "mode": "PassThrough"
              }
            ],
            "version": "$LATEST",
            "vpc_config": []
          },
          "sensitive_attributes": [],
          "private": "eyJlMmJmYjczMC1lY2FhLTExZTYtOGY4OC0zNDM2M2JjN2M0YzAiOnsiY3JlYXRlIjo2MDAwMDAwMDAwMDAsImRlbGV0ZSI6NjAwMDAwMDAwMDAwLCJ1cGRhdGUiOjYwMDAwMDAwMDAwMH19",
          "dependencies": [
            "module.iam.aws_iam_role.iam_for_lambda",
            "module.iam.data.aws_iam_policy_document.lambda_assume_role",
            "module.lambda.data.archive_file.lambda"
          ]
        }
      ]
    },
    {
      "module": "module.s3",
      "mode": "managed",
      "type": "aws_lambda_permission",
      "name": "s3_trigger",
      "provider": "provider[\"registry.terraform.io/hashicorp/aws\"]",
      "instances": [
        {
          "schema_version": 0,
          "attributes": {
            "action": "lambda:InvokeFunction",
            "event_source_token": null,
            "function_name": "lambda_teste_tecnic",
            "function_url_auth_type": null,
            "id": "AllowExecutionFromS3",
            "principal": "s3.amazonaws.com",
            "principal_org_id": null,
            "qualifier": "",
            "source_account": null,
            "source_arn": "arn:aws:s3:::bucket-glue-tecnic",
            "statement_id": "AllowExecutionFromS3",
            "statement_id_prefix": ""
          },
          "sensitive_attributes": [],
          "private": "bnVsbA==",
          "dependencies": [
            "module.iam.aws_iam_role.iam_for_lambda",
            "module.iam.data.aws_iam_policy_document.lambda_assume_role",
            "module.lambda.aws_lambda_function.test_lambda",
            "module.lambda.data.archive_file.lambda",
            "module.s3.aws_s3_bucket.s3_example"
          ]
        }
      ]
    },
    {
      "module": "module.s3",
      "mode": "managed",
      "type": "aws_s3_bucket",
      "name": "s3_example",
      "provider": "provider[\"registry.terraform.io/hashicorp/aws\"]",
      "instances": [
        {
          "schema_version": 0,
          "attributes": {
            "acceleration_status": "",
            "acl": null,
            "arn": "arn:aws:s3:::bucket-glue-tecnic",
            "bucket": "bucket-glue-tecnic",
            "bucket_domain_name": "bucket-glue-tecnic.s3.amazonaws.com",
            "bucket_prefix": "",
            "bucket_regional_domain_name": "bucket-glue-tecnic.s3.us-east-1.amazonaws.com",
            "cors_rule": [],
            "force_destroy": false,
            "grant": [
              {
                "id": "316bd92a67911ebdb3e6d875cd241696ac8913a203830cd3c9da45af4f74deb9",
                "permissions": [
                  "FULL_CONTROL"
                ],
                "type": "CanonicalUser",
                "uri": ""
              }
            ],
            "hosted_zone_id": "Z3AQBSTGFYJSTF",
            "id": "bucket-glue-tecnic",
            "lifecycle_rule": [],
            "logging": [],
            "object_lock_configuration": [],
            "object_lock_enabled": false,
            "policy": "",
            "region": "us-east-1",
            "replication_configuration": [],
            "request_payer": "BucketOwner",
            "server_side_encryption_configuration": [
              {
                "rule": [
                  {
                    "apply_server_side_encryption_by_default": [
                      {
                        "kms_master_key_id": "",
                        "sse_algorithm": "AES256"
                      }
                    ],
                    "bucket_key_enabled": false
                  }
                ]
              }
            ],
            "tags": {
              "Environment": "Dev",
              "Name": "pTecnic"
            },
            "tags_all": {
              "Environment": "Dev",
              "Name": "pTecnic"
            },
            "timeouts": null,
            "versioning": [
              {
                "enabled": false,
                "mfa_delete": false
              }
            ],
            "website": [],
            "website_domain": null,
            "website_endpoint": null
          },
          "sensitive_attributes": [],
          "private": "eyJlMmJmYjczMC1lY2FhLTExZTYtOGY4OC0zNDM2M2JjN2M0YzAiOnsiY3JlYXRlIjoxMjAwMDAwMDAwMDAwLCJkZWxldGUiOjM2MDAwMDAwMDAwMDAsInJlYWQiOjEyMDAwMDAwMDAwMDAsInVwZGF0ZSI6MTIwMDAwMDAwMDAwMH19"
        }
      ]
    },
    {
      "module": "module.s3",
      "mode": "managed",
      "type": "aws_s3_bucket_notification",
      "name": "bucket_notification",
      "provider": "provider[\"registry.terraform.io/hashicorp/aws\"]",
      "instances": [
        {
          "schema_version": 0,
          "attributes": {
            "bucket": "bucket-glue-tecnic",
            "eventbridge": false,
            "id": "bucket-glue-tecnic",
            "lambda_function": [
              {
                "events": [
                  "s3:ObjectCreated:*"
                ],
                "filter_prefix": "input/",
                "filter_suffix": "",
                "id": "tf-s3-lambda-20240814053647515100000002",
                "lambda_function_arn": "arn:aws:lambda:us-east-1:118712814110:function:lambda_teste_tecnic"
              }
            ],
            "queue": [],
            "topic": []
          },
          "sensitive_attributes": [],
          "private": "bnVsbA==",
          "dependencies": [
            "module.iam.aws_iam_role.iam_for_lambda",
            "module.iam.data.aws_iam_policy_document.lambda_assume_role",
            "module.lambda.aws_lambda_function.test_lambda",
            "module.lambda.data.archive_file.lambda",
            "module.s3.aws_s3_bucket.s3_example"
          ]
        }
      ]
    },
    {
      "module": "module.s3",
      "mode": "managed",
      "type": "aws_s3_object",
      "name": "folder_object",
      "provider": "provider[\"registry.terraform.io/hashicorp/aws\"]",
      "instances": [
        {
          "schema_version": 0,
          "attributes": {
            "acl": null,
            "arn": "arn:aws:s3:::bucket-glue-tecnic/input/",
            "bucket": "bucket-glue-tecnic",
            "bucket_key_enabled": false,
            "cache_control": "",
            "checksum_algorithm": null,
            "checksum_crc32": "",
            "checksum_crc32c": "",
            "checksum_sha1": "",
            "checksum_sha256": "",
            "content": null,
            "content_base64": null,
            "content_disposition": "",
            "content_encoding": "",
            "content_language": "",
            "content_type": "application/octet-stream",
            "etag": "d41d8cd98f00b204e9800998ecf8427e",
            "force_destroy": false,
            "id": "input/",
            "key": "input/",
            "kms_key_id": null,
            "metadata": null,
            "object_lock_legal_hold_status": "",
            "object_lock_mode": "",
            "object_lock_retain_until_date": "",
            "override_provider": [],
            "server_side_encryption": "AES256",
            "source": null,
            "source_hash": null,
            "storage_class": "STANDARD",
            "tags": null,
            "tags_all": {},
            "version_id": "",
            "website_redirect": ""
          },
          "sensitive_attributes": [],
          "private": "bnVsbA==",
          "dependencies": [
            "module.s3.aws_s3_bucket.s3_example"
          ]
        }
      ]
    },
    {
      "module": "module.s3",
      "mode": "managed",
      "type": "aws_s3_object",
      "name": "object_glue_job",
      "provider": "provider[\"registry.terraform.io/hashicorp/aws\"]",
      "instances": [
        {
          "schema_version": 0,
          "attributes": {
            "acl": null,
            "arn": "arn:aws:s3:::bucket-glue-tecnic/glue/scripts/glue_job.py",
            "bucket": "bucket-glue-tecnic",
            "bucket_key_enabled": false,
            "cache_control": "",
            "checksum_algorithm": null,
            "checksum_crc32": "",
            "checksum_crc32c": "",
            "checksum_sha1": "",
            "checksum_sha256": "",
            "content": null,
            "content_base64": null,
            "content_disposition": "",
            "content_encoding": "",
            "content_language": "",
            "content_type": "application/octet-stream",
            "etag": "43caa459a7b0054520cbdb4a1e9c5200",
            "force_destroy": false,
            "id": "glue/scripts/glue_job.py",
            "key": "glue/scripts/glue_job.py",
            "kms_key_id": null,
            "metadata": null,
            "object_lock_legal_hold_status": "",
            "object_lock_mode": "",
            "object_lock_retain_until_date": "",
            "override_provider": [],
            "server_side_encryption": "AES256",
            "source": "./glue_code/glue_job_one/glue_job.py",
            "source_hash": null,
            "storage_class": "STANDARD",
            "tags": null,
            "tags_all": {},
            "version_id": "",
            "website_redirect": ""
          },
          "sensitive_attributes": [],
          "private": "bnVsbA==",
          "dependencies": [
            "module.s3.aws_s3_bucket.s3_example"
          ]
        }
      ]
    }
  ],
  "check_results": null
}
